// !$*UTF8*$!
{
	archiveVersion = 1;
	classes = {
	};
	objectVersion = 55;
	objects = {

/* Begin PBXBuildFile section */
		FA273651279DDDAD001292D2 /* SecondViewController.swift in Sources */ = {isa = PBXBuildFile; fileRef = FA273650279DDDAD001292D2 /* SecondViewController.swift */; };
		FA380A68279DF4E2005BB007 /* ThirdViewController.swift in Sources */ = {isa = PBXBuildFile; fileRef = FA380A66279DF4E2005BB007 /* ThirdViewController.swift */; };
		FA380A69279DF4E2005BB007 /* ThirdViewController.xib in Resources */ = {isa = PBXBuildFile; fileRef = FA380A67279DF4E2005BB007 /* ThirdViewController.xib */; };
		FA49EC92279F70310054F399 /* FourthViewController.swift in Sources */ = {isa = PBXBuildFile; fileRef = FA49EC90279F70310054F399 /* FourthViewController.swift */; };
		FA49EC93279F70310054F399 /* FourthViewController.xib in Resources */ = {isa = PBXBuildFile; fileRef = FA49EC91279F70310054F399 /* FourthViewController.xib */; };
		FAAD04E627962FB100334412 /* AppDelegate.swift in Sources */ = {isa = PBXBuildFile; fileRef = FAAD04E527962FB100334412 /* AppDelegate.swift */; };
		FAAD04E827962FB100334412 /* SceneDelegate.swift in Sources */ = {isa = PBXBuildFile; fileRef = FAAD04E727962FB100334412 /* SceneDelegate.swift */; };
		FAAD04EA27962FB100334412 /* ViewController.swift in Sources */ = {isa = PBXBuildFile; fileRef = FAAD04E927962FB100334412 /* ViewController.swift */; };
		FAAD04ED27962FB100334412 /* Main.storyboard in Resources */ = {isa = PBXBuildFile; fileRef = FAAD04EB27962FB100334412 /* Main.storyboard */; };
		FAAD04EF27962FB300334412 /* Assets.xcassets in Resources */ = {isa = PBXBuildFile; fileRef = FAAD04EE27962FB300334412 /* Assets.xcassets */; };
		FAAD04F227962FB300334412 /* LaunchScreen.storyboard in Resources */ = {isa = PBXBuildFile; fileRef = FAAD04F027962FB300334412 /* LaunchScreen.storyboard */; };
/* End PBXBuildFile section */

/* Begin PBXFileReference section */
		FA273650279DDDAD001292D2 /* SecondViewController.swift */ = {isa = PBXFileReference; lastKnownFileType = sourcecode.swift; path = SecondViewController.swift; sourceTree = "<group>"; };
		FA380A66279DF4E2005BB007 /* ThirdViewController.swift */ = {isa = PBXFileReference; lastKnownFileType = sourcecode.swift; path = ThirdViewController.swift; sourceTree = "<group>"; };
		FA380A67279DF4E2005BB007 /* ThirdViewController.xib */ = {isa = PBXFileReference; lastKnownFileType = file.xib; path = ThirdViewController.xib; sourceTree = "<group>"; };
		FA49EC90279F70310054F399 /* FourthViewController.swift */ = {isa = PBXFileReference; lastKnownFileType = sourcecode.swift; path = FourthViewController.swift; sourceTree = "<group>"; };
		FA49EC91279F70310054F399 /* FourthViewController.xib */ = {isa = PBXFileReference; lastKnownFileType = file.xib; path = FourthViewController.xib; sourceTree = "<group>"; };
		FAAD04E227962FB100334412 /* IOS_lessons.app */ = {isa = PBXFileReference; explicitFileType = wrapper.application; includeInIndex = 0; path = IOS_lessons.app; sourceTree = BUILT_PRODUCTS_DIR; };
		FAAD04E527962FB100334412 /* AppDelegate.swift */ = {isa = PBXFileReference; lastKnownFileType = sourcecode.swift; path = AppDelegate.swift; sourceTree = "<group>"; };
		FAAD04E727962FB100334412 /* SceneDelegate.swift */ = {isa = PBXFileReference; lastKnownFileType = sourcecode.swift; path = SceneDelegate.swift; sourceTree = "<group>"; };
		FAAD04E927962FB100334412 /* ViewController.swift */ = {isa = PBXFileReference; lastKnownFileType = sourcecode.swift; path = ViewController.swift; sourceTree = "<group>"; };
		FAAD04EC27962FB100334412 /* Base */ = {isa = PBXFileReference; lastKnownFileType = file.storyboard; name = Base; path = Base.lproj/Main.storyboard; sourceTree = "<group>"; };
		FAAD04EE27962FB300334412 /* Assets.xcassets */ = {isa = PBXFileReference; lastKnownFileType = folder.assetcatalog; path = Assets.xcassets; sourceTree = "<group>"; };
		FAAD04F127962FB300334412 /* Base */ = {isa = PBXFileReference; lastKnownFileType = file.storyboard; name = Base; path = Base.lproj/LaunchScreen.storyboard; sourceTree = "<group>"; };
		FAAD04F327962FB300334412 /* Info.plist */ = {isa = PBXFileReference; lastKnownFileType = text.plist.xml; path = Info.plist; sourceTree = "<group>"; };
/* End PBXFileReference section */

/* Begin PBXFrameworksBuildPhase section */
		FAAD04DF27962FB100334412 /* Frameworks */ = {
			isa = PBXFrameworksBuildPhase;
			buildActionMask = 2147483647;
			files = (
			);
			runOnlyForDeploymentPostprocessing = 0;
		};
/* End PBXFrameworksBuildPhase section */

/* Begin PBXGroup section */
		FAAD04D927962FB100334412 = {
			isa = PBXGroup;
			children = (
				FAAD04E427962FB100334412 /* IOS_lessons */,
				FAAD04E327962FB100334412 /* Products */,
			);
			sourceTree = "<group>";
		};
		FAAD04E327962FB100334412 /* Products */ = {
			isa = PBXGroup;
			children = (
				FAAD04E227962FB100334412 /* IOS_lessons.app */,
			);
			name = Products;
			sourceTree = "<group>";
		};
		FAAD04E427962FB100334412 /* IOS_lessons */ = {
			isa = PBXGroup;
			children = (
				FAAD04E527962FB100334412 /* AppDelegate.swift */,
				FAAD04E727962FB100334412 /* SceneDelegate.swift */,
				FAAD04EB27962FB100334412 /* Main.storyboard */,
				FAAD04E927962FB100334412 /* ViewController.swift */,
				FA273650279DDDAD001292D2 /* SecondViewController.swift */,
				FA380A66279DF4E2005BB007 /* ThirdViewController.swift */,
				FA380A67279DF4E2005BB007 /* ThirdViewController.xib */,
				FA49EC90279F70310054F399 /* FourthViewController.swift */,
				FA49EC91279F70310054F399 /* FourthViewController.xib */,
				FAAD04EE27962FB300334412 /* Assets.xcassets */,
				FAAD04F027962FB300334412 /* LaunchScreen.storyboard */,
				FAAD04F327962FB300334412 /* Info.plist */,
			);
			path = IOS_lessons;
			sourceTree = "<group>";
		};
/* End PBXGroup section */

/* Begin PBXNativeTarget section */
		FAAD04E127962FB100334412 /* IOS_lessons */ = {
			isa = PBXNativeTarget;
			buildConfigurationList = FAAD04F627962FB300334412 /* Build configuration list for PBXNativeTarget "IOS_lessons" */;
			buildPhases = (
				FAAD04DE27962FB100334412 /* Sources */,
				FAAD04DF27962FB100334412 /* Frameworks */,
				FAAD04E027962FB100334412 /* Resources */,
			);
			buildRules = (
			);
			dependencies = (
			);
			name = IOS_lessons;
			productName = IOS_lessons;
			productReference = FAAD04E227962FB100334412 /* IOS_lessons.app */;
			productType = "com.apple.product-type.application";
		};
/* End PBXNativeTarget section */

/* Begin PBXProject section */
		FAAD04DA27962FB100334412 /* Project object */ = {
			isa = PBXProject;
			attributes = {
				BuildIndependentTargetsInParallel = 1;
				LastSwiftUpdateCheck = 1310;
				LastUpgradeCheck = 1310;
				TargetAttributes = {
					FAAD04E127962FB100334412 = {
						CreatedOnToolsVersion = 13.1;
					};
				};
			};
			buildConfigurationList = FAAD04DD27962FB100334412 /* Build configuration list for PBXProject "IOS_lessons" */;
			compatibilityVersion = "Xcode 13.0";
			developmentRegion = en;
			hasScannedForEncodings = 0;
			knownRegions = (
				en,
				Base,
			);
			mainGroup = FAAD04D927962FB100334412;
			productRefGroup = FAAD04E327962FB100334412 /* Products */;
			projectDirPath = "";
			projectRoot = "";
			targets = (
				FAAD04E127962FB100334412 /* IOS_lessons */,
			);
		};
/* End PBXProject section */

/* Begin PBXResourcesBuildPhase section */
		FAAD04E027962FB100334412 /* Resources */ = {
			isa = PBXResourcesBuildPhase;
			buildActionMask = 2147483647;
			files = (
				FAAD04F227962FB300334412 /* LaunchScreen.storyboard in Resources */,
				FAAD04EF27962FB300334412 /* Assets.xcassets in Resources */,
				FA49EC93279F70310054F399 /* FourthViewController.xib in Resources */,
				FA380A69279DF4E2005BB007 /* ThirdViewController.xib in Resources */,
				FAAD04ED27962FB100334412 /* Main.storyboard in Resources */,
			);
			runOnlyForDeploymentPostprocessing = 0;
		};
/* End PBXResourcesBuildPhase section */

/* Begin PBXSourcesBuildPhase section */
		FAAD04DE27962FB100334412 /* Sources */ = {
			isa = PBXSourcesBuildPhase;
			buildActionMask = 2147483647;
			files = (
				FA49EC92279F70310054F399 /* FourthViewController.swift in Sources */,
				FA273651279DDDAD001292D2 /* SecondViewController.swift in Sources */,
				FAAD04EA27962FB100334412 /* ViewController.swift in Sources */,
				FA380A68279DF4E2005BB007 /* ThirdViewController.swift in Sources */,
				FAAD04E627962FB100334412 /* AppDelegate.swift in Sources */,
				FAAD04E827962FB100334412 /* SceneDelegate.swift in Sources */,
			);
			runOnlyForDeploymentPostprocessing = 0;
		};
/* End PBXSourcesBuildPhase section */

/* Begin PBXVariantGroup section */
		FAAD04EB27962FB100334412 /* Main.storyboard */ = {
			isa = PBXVariantGroup;
			children = (
				FAAD04EC27962FB100334412 /* Base */,
			);
			name = Main.storyboard;
			sourceTree = "<group>";
		};
		FAAD04F027962FB300334412 /* LaunchScreen.storyboard */ = {
			isa = PBXVariantGroup;
			children = (
				FAAD04F127962FB300334412 /* Base */,
			);
			name = LaunchScreen.storyboard;
			sourceTree = "<group>";
		};
/* End PBXVariantGroup section */

/* Begin XCBuildConfiguration section */
		FAAD04F427962FB300334412 /* Debug */ = {
			isa = XCBuildConfiguration;
			buildSettings = {
				ALWAYS_SEARCH_USER_PATHS = NO;
				CLANG_ANALYZER_NONNULL = YES;
				CLANG_ANALYZER_NUMBER_OBJECT_CONVERSION = YES_AGGRESSIVE;
				CLANG_CXX_LANGUAGE_STANDARD = "gnu++17";
				CLANG_CXX_LIBRARY = "libc++";
				CLANG_ENABLE_MODULES = YES;
				CLANG_ENABLE_OBJC_ARC = YES;
				CLANG_ENABLE_OBJC_WEAK = YES;
				CLANG_WARN_BLOCK_CAPTURE_AUTORELEASING = YES;
				CLANG_WARN_BOOL_CONVERSION = YES;
				CLANG_WARN_COMMA = YES;
				CLANG_WARN_CONSTANT_CONVERSION = YES;
				CLANG_WARN_DEPRECATED_OBJC_IMPLEMENTATIONS = YES;
				CLANG_WARN_DIRECT_OBJC_ISA_USAGE = YES_ERROR;
				CLANG_WARN_DOCUMENTATION_COMMENTS = YES;
				CLANG_WARN_EMPTY_BODY = YES;
				CLANG_WARN_ENUM_CONVERSION = YES;
				CLANG_WARN_INFINITE_RECURSION = YES;
				CLANG_WARN_INT_CONVERSION = YES;
				CLANG_WARN_NON_LITERAL_NULL_CONVERSION = YES;
				CLANG_WARN_OBJC_IMPLICIT_RETAIN_SELF = YES;
				CLANG_WARN_OBJC_LITERAL_CONVERSION = YES;
				CLANG_WARN_OBJC_ROOT_CLASS = YES_ERROR;
				CLANG_WARN_QUOTED_INCLUDE_IN_FRAMEWORK_HEADER = YES;
				CLANG_WARN_RANGE_LOOP_ANALYSIS = YES;
				CLANG_WARN_STRICT_PROTOTYPES = YES;
				CLANG_WARN_SUSPICIOUS_MOVE = YES;
				CLANG_WARN_UNGUARDED_AVAILABILITY = YES_AGGRESSIVE;
				CLANG_WARN_UNREACHABLE_CODE = YES;
				CLANG_WARN__DUPLICATE_METHOD_MATCH = YES;
				COPY_PHASE_STRIP = NO;
				DEBUG_INFORMATION_FORMAT = dwarf;
				ENABLE_STRICT_OBJC_MSGSEND = YES;
				ENABLE_TESTABILITY = YES;
				GCC_C_LANGUAGE_STANDARD = gnu11;
				GCC_DYNAMIC_NO_PIC = NO;
				GCC_NO_COMMON_BLOCKS = YES;
				GCC_OPTIMIZATION_LEVEL = 0;
				GCC_PREPROCESSOR_DEFINITIONS = (
					"DEBUG=1",
					"$(inherited)",
				);
				GCC_WARN_64_TO_32_BIT_CONVERSION = YES;
				GCC_WARN_ABOUT_RETURN_TYPE = YES_ERROR;
				GCC_WARN_UNDECLARED_SELECTOR = YES;
				GCC_WARN_UNINITIALIZED_AUTOS = YES_AGGRESSIVE;
				GCC_WARN_UNUSED_FUNCTION = YES;
				GCC_WARN_UNUSED_VARIABLE = YES;
				IPHONEOS_DEPLOYMENT_TARGET = 15.0;
				MTL_ENABLE_DEBUG_INFO = INCLUDE_SOURCE;
				MTL_FAST_MATH = YES;
				ONLY_ACTIVE_ARCH = YES;
				SDKROOT = iphoneos;
				SWIFT_ACTIVE_COMPILATION_CONDITIONS = DEBUG;
				SWIFT_OPTIMIZATION_LEVEL = "-Onone";
			};
			name = Debug;
		};
		FAAD04F527962FB300334412 /* Release */ = {
			isa = XCBuildConfiguration;
			buildSettings = {
				ALWAYS_SEARCH_USER_PATHS = NO;
				CLANG_ANALYZER_NONNULL = YES;
				CLANG_ANALYZER_NUMBER_OBJECT_CONVERSION = YES_AGGRESSIVE;
				CLANG_CXX_LANGUAGE_STANDARD = "gnu++17";
				CLANG_CXX_LIBRARY = "libc++";
				CLANG_ENABLE_MODULES = YES;
				CLANG_ENABLE_OBJC_ARC = YES;
				CLANG_ENABLE_OBJC_WEAK = YES;
				CLANG_WARN_BLOCK_CAPTURE_AUTORELEASING = YES;
				CLANG_WARN_BOOL_CONVERSION = YES;
				CLANG_WARN_COMMA = YES;
				CLANG_WARN_CONSTANT_CONVERSION = YES;
				CLANG_WARN_DEPRECATED_OBJC_IMPLEMENTATIONS = YES;
				CLANG_WARN_DIRECT_OBJC_ISA_USAGE = YES_ERROR;
				CLANG_WARN_DOCUMENTATION_COMMENTS = YES;
				CLANG_WARN_EMPTY_BODY = YES;
				CLANG_WARN_ENUM_CONVERSION = YES;
				CLANG_WARN_INFINITE_RECURSION = YES;
				CLANG_WARN_INT_CONVERSION = YES;
				CLANG_WARN_NON_LITERAL_NULL_CONVERSION = YES;
				CLANG_WARN_OBJC_IMPLICIT_RETAIN_SELF = YES;
				CLANG_WARN_OBJC_LITERAL_CONVERSION = YES;
				CLANG_WARN_OBJC_ROOT_CLASS = YES_ERROR;
				CLANG_WARN_QUOTED_INCLUDE_IN_FRAMEWORK_HEADER = YES;
				CLANG_WARN_RANGE_LOOP_ANALYSIS = YES;
				CLANG_WARN_STRICT_PROTOTYPES = YES;
				CLANG_WARN_SUSPICIOUS_MOVE = YES;
				CLANG_WARN_UNGUARDED_AVAILABILITY = YES_AGGRESSIVE;
				CLANG_WARN_UNREACHABLE_CODE = YES;
				CLANG_WARN__DUPLICATE_METHOD_MATCH = YES;
				COPY_PHASE_STRIP = NO;
				DEBUG_INFORMATION_FORMAT = "dwarf-with-dsym";
				ENABLE_NS_ASSERTIONS = NO;
				ENABLE_STRICT_OBJC_MSGSEND = YES;
				GCC_C_LANGUAGE_STANDARD = gnu11;
				GCC_NO_COMMON_BLOCKS = YES;
				GCC_WARN_64_TO_32_BIT_CONVERSION = YES;
				GCC_WARN_ABOUT_RETURN_TYPE = YES_ERROR;
				GCC_WARN_UNDECLARED_SELECTOR = YES;
				GCC_WARN_UNINITIALIZED_AUTOS = YES_AGGRESSIVE;
				GCC_WARN_UNUSED_FUNCTION = YES;
				GCC_WARN_UNUSED_VARIABLE = YES;
				IPHONEOS_DEPLOYMENT_TARGET = 15.0;
				MTL_ENABLE_DEBUG_INFO = NO;
				MTL_FAST_MATH = YES;
				SDKROOT = iphoneos;
				SWIFT_COMPILATION_MODE = wholemodule;
				SWIFT_OPTIMIZATION_LEVEL = "-O";
				VALIDATE_PRODUCT = YES;
			};
			name = Release;
		};
		FAAD04F727962FB300334412 /* Debug */ = {
			isa = XCBuildConfiguration;
			buildSettings = {
				ASSETCATALOG_COMPILER_APPICON_NAME = AppIcon;
				ASSETCATALOG_COMPILER_GLOBAL_ACCENT_COLOR_NAME = AccentColor;
				CODE_SIGN_STYLE = Automatic;
				CURRENT_PROJECT_VERSION = 1;
				DEVELOPMENT_TEAM = 95JY55TVJ9;
				GENERATE_INFOPLIST_FILE = YES;
				INFOPLIST_FILE = IOS_lessons/Info.plist;
				INFOPLIST_KEY_UIApplicationSupportsIndirectInputEvents = YES;
				INFOPLIST_KEY_UILaunchStoryboardName = LaunchScreen;
				INFOPLIST_KEY_UIMainStoryboardFile = Main;
				INFOPLIST_KEY_UISupportedInterfaceOrientations_iPad = "UIInterfaceOrientationPortrait UIInterfaceOrientationPortraitUpsideDown UIInterfaceOrientationLandscapeLeft UIInterfaceOrientationLandscapeRight";
				INFOPLIST_KEY_UISupportedInterfaceOrientations_iPhone = "UIInterfaceOrientationPortrait UIInterfaceOrientationLandscapeLeft UIInterfaceOrientationLandscapeRight";
				LD_RUNPATH_SEARCH_PATHS = (
					"$(inherited)",
					"@executable_path/Frameworks",
				);
				MARKETING_VERSION = 1.0;
				PRODUCT_BUNDLE_IDENTIFIER = "l40perl.IOS-lessons";
				PRODUCT_NAME = "$(TARGET_NAME)";
				SWIFT_EMIT_LOC_STRINGS = YES;
				SWIFT_VERSION = 5.0;
				TARGETED_DEVICE_FAMILY = "1,2";
			};
			name = Debug;
		};
		FAAD04F827962FB300334412 /* Release */ = {
			isa = XCBuildConfiguration;
			buildSettings = {
				ASSETCATALOG_COMPILER_APPICON_NAME = AppIcon;
				ASSETCATALOG_COMPILER_GLOBAL_ACCENT_COLOR_NAME = AccentColor;
				CODE_SIGN_STYLE = Automatic;
				CURRENT_PROJECT_VERSION = 1;
				DEVELOPMENT_TEAM = 95JY55TVJ9;
				GENERATE_INFOPLIST_FILE = YES;
				INFOPLIST_FILE = IOS_lessons/Info.plist;
				INFOPLIST_KEY_UIApplicationSupportsIndirectInputEvents = YES;
				INFOPLIST_KEY_UILaunchStoryboardName = LaunchScreen;
				INFOPLIST_KEY_UIMainStoryboardFile = Main;
				INFOPLIST_KEY_UISupportedInterfaceOrientations_iPad = "UIInterfaceOrientationPortrait UIInterfaceOrientationPortraitUpsideDown UIInterfaceOrientationLandscapeLeft UIInterfaceOrientationLandscapeRight";
				INFOPLIST_KEY_UISupportedInterfaceOrientations_iPhone = "UIInterfaceOrientationPortrait UIInterfaceOrientationLandscapeLeft UIInterfaceOrientationLandscapeRight";
				LD_RUNPATH_SEARCH_PATHS = (
					"$(inherited)",
					"@executable_path/Frameworks",
				);
				MARKETING_VERSION = 1.0;
				PRODUCT_BUNDLE_IDENTIFIER = "l40perl.IOS-lessons";
				PRODUCT_NAME = "$(TARGET_NAME)";
				SWIFT_EMIT_LOC_STRINGS = YES;
				SWIFT_VERSION = 5.0;
				TARGETED_DEVICE_FAMILY = "1,2";
			};
			name = Release;
		};
/* End XCBuildConfiguration section */

/* Begin XCConfigurationList section */
		FAAD04DD27962FB100334412 /* Build configuration list for PBXProject "IOS_lessons" */ = {
			isa = XCConfigurationList;
			buildConfigurations = (
				FAAD04F427962FB300334412 /* Debug */,
				FAAD04F527962FB300334412 /* Release */,
			);
			defaultConfigurationIsVisible = 0;
			defaultConfigurationName = Release;
		};
		FAAD04F627962FB300334412 /* Build configuration list for PBXNativeTarget "IOS_lessons" */ = {
			isa = XCConfigurationList;
			buildConfigurations = (
				FAAD04F727962FB300334412 /* Debug */,
				FAAD04F827962FB300334412 /* Release */,
			);
			defaultConfigurationIsVisible = 0;
			defaultConfigurationName = Release;
		};
/* End XCConfigurationList section */
	};
	rootObject = FAAD04DA27962FB100334412 /* Project object */;
}
